Microsoft Visual Studio Solution File, Format Version 12.00
# Visual Studio 2012
Project("{FAE04EC0-301F-11D3-BF4B-00C04F79EFBC}") = "Godot_CSharp_Base", "Godot_CSharp_Base.csproj", "{87061475-7C4A-4067-AD7D-5697B4AE7D71}"
EndProject
Global
	GlobalSection(SolutionConfigurationPlatforms) = preSolution
	Debug|Any CPU = Debug|Any CPU
	ExportDebug|Any CPU = ExportDebug|Any CPU
	ExportRelease|Any CPU = ExportRelease|Any CPU
	EndGlobalSection
	GlobalSection(ProjectConfigurationPlatforms) = postSolution
		{87061475-7C4A-4067-AD7D-5697B4AE7D71}.Debug|Any CPU.ActiveCfg = Debug|Any CPU
		{87061475-7C4A-4067-AD7D-5697B4AE7D71}.Debug|Any CPU.Build.0 = Debug|Any CPU
		{87061475-7C4A-4067-AD7D-5697B4AE7D71}.ExportDebug|Any CPU.ActiveCfg = ExportDebug|Any CPU
		{87061475-7C4A-4067-AD7D-5697B4AE7D71}.ExportDebug|Any CPU.Build.0 = ExportDebug|Any CPU
		{87061475-7C4A-4067-AD7D-5697B4AE7D71}.ExportRelease|Any CPU.ActiveCfg = ExportRelease|Any CPU
		{87061475-7C4A-4067-AD7D-5697B4AE7D71}.ExportRelease|Any CPU.Build.0 = ExportRelease|Any CPU
	EndGlobalSection
EndGlobal
